
Microsoft Visual Studio Solution File, Format Version 12.00
# Visual Studio 2013
VisualStudioVersion = 12.0.21005.1
MinimumVisualStudioVersion = 10.0.40219.1
Project("{FAE04EC0-301F-11D3-BF4B-00C04F79EFBC}") = "Time Operation", "Time Operation\Time Operation.csproj", "{31280327-E9D7-4E38-8F86-F06F150EBA68}"
EndProject
Global
	GlobalSection(SolutionConfigurationPlatforms) = preSolution
		Debug|Any CPU = Debug|Any CPU
		Release|Any CPU = Release|Any CPU
	EndGlobalSection
	GlobalSection(ProjectConfigurationPlatforms) = postSolution
		{31280327-E9D7-4E38-8F86-F06F150EBA68}.Debug|Any CPU.ActiveCfg = Debug|Any CPU
		{31280327-E9D7-4E38-8F86-F06F150EBA68}.Debug|Any CPU.Build.0 = Debug|Any CPU
		{31280327-E9D7-4E38-8F86-F06F150EBA68}.Release|Any CPU.ActiveCfg = Release|Any CPU
		{31280327-E9D7-4E38-8F86-F06F150EBA68}.Release|Any CPU.Build.0 = Release|Any CPU
	EndGlobalSection
	GlobalSection(SolutionProperties) = preSolution
		HideSolutionNode = FALSE
	EndGlobalSection
EndGlobal
